
Microsoft Visual Studio Solution File, Format Version 12.00
# Visual Studio Version 17
VisualStudioVersion = 17.4.33110.190
MinimumVisualStudioVersion = 10.0.40219.1
Project("{8BC9CEB8-8B4A-11D0-8D11-00A0C91BC942}") = "exercise06", "exercise06\exercise06.vcxproj", "{D5CDD685-46FC-4944-9841-6EBF3E09D815}"
EndProject
Global
	GlobalSection(SolutionConfigurationPlatforms) = preSolution
		Debug|x64 = Debug|x64
		Debug|x86 = Debug|x86
		Release|x64 = Release|x64
		Release|x86 = Release|x86
	EndGlobalSection
	GlobalSection(ProjectConfigurationPlatforms) = postSolution
		{D5CDD685-46FC-4944-9841-6EBF3E09D815}.Debug|x64.ActiveCfg = Debug|x64
		{D5CDD685-46FC-4944-9841-6EBF3E09D815}.Debug|x64.Build.0 = Debug|x64
		{D5CDD685-46FC-4944-9841-6EBF3E09D815}.Debug|x86.ActiveCfg = Debug|Win32
		{D5CDD685-46FC-4944-9841-6EBF3E09D815}.Debug|x86.Build.0 = Debug|Win32
		{D5CDD685-46FC-4944-9841-6EBF3E09D815}.Release|x64.ActiveCfg = Release|x64
		{D5CDD685-46FC-4944-9841-6EBF3E09D815}.Release|x64.Build.0 = Release|x64
		{D5CDD685-46FC-4944-9841-6EBF3E09D815}.Release|x86.ActiveCfg = Release|Win32
		{D5CDD685-46FC-4944-9841-6EBF3E09D815}.Release|x86.Build.0 = Release|Win32
	EndGlobalSection
	GlobalSection(SolutionProperties) = preSolution
		HideSolutionNode = FALSE
	EndGlobalSection
	GlobalSection(ExtensibilityGlobals) = postSolution
		SolutionGuid = {51853534-0FA4-438D-A300-172F1948291C}
	EndGlobalSection
EndGlobal
